
Microsoft Visual Studio Solution File, Format Version 12.00
# Visual Studio Version 16
VisualStudioVersion = 16.0.30621.155
MinimumVisualStudioVersion = 10.0.40219.1
Project("{FAE04EC0-301F-11D3-BF4B-00C04F79EFBC}") = "WindowsFormsApp1", "WindowsFormsApp1\WindowsFormsApp1.csproj", "{B6C9838B-37EC-4D90-A03D-D5CEDA1F9676}"
EndProject
Global
	GlobalSection(SolutionConfigurationPlatforms) = preSolution
		Debug|Any CPU = Debug|Any CPU
		Release|Any CPU = Release|Any CPU
	EndGlobalSection
	GlobalSection(ProjectConfigurationPlatforms) = postSolution
		{B6C9838B-37EC-4D90-A03D-D5CEDA1F9676}.Debug|Any CPU.ActiveCfg = Debug|Any CPU
		{B6C9838B-37EC-4D90-A03D-D5CEDA1F9676}.Debug|Any CPU.Build.0 = Debug|Any CPU
		{B6C9838B-37EC-4D90-A03D-D5CEDA1F9676}.Release|Any CPU.ActiveCfg = Release|Any CPU
		{B6C9838B-37EC-4D90-A03D-D5CEDA1F9676}.Release|Any CPU.Build.0 = Release|Any CPU
	EndGlobalSection
	GlobalSection(SolutionProperties) = preSolution
		HideSolutionNode = FALSE
	EndGlobalSection
	GlobalSection(ExtensibilityGlobals) = postSolution
		SolutionGuid = {686E7FD6-1D7F-4DC6-8A2F-BFACA2446F60}
	EndGlobalSection
EndGlobal
